
Microsoft Visual Studio Solution File, Format Version 12.00
# Visual Studio Version 16
VisualStudioVersion = 16.0.30516.212
MinimumVisualStudioVersion = 10.0.40219.1
Project("{FAE04EC0-301F-11D3-BF4B-00C04F79EFBC}") = "PrimerUpdate", "PrimerUpdate\PrimerUpdate.csproj", "{803BA86F-E80A-4D61-B79E-94C95BE4B017}"
EndProject
Global
	GlobalSection(SolutionConfigurationPlatforms) = preSolution
		Debug|Any CPU = Debug|Any CPU
		Release|Any CPU = Release|Any CPU
	EndGlobalSection
	GlobalSection(ProjectConfigurationPlatforms) = postSolution
		{803BA86F-E80A-4D61-B79E-94C95BE4B017}.Debug|Any CPU.ActiveCfg = Debug|Any CPU
		{803BA86F-E80A-4D61-B79E-94C95BE4B017}.Debug|Any CPU.Build.0 = Debug|Any CPU
		{803BA86F-E80A-4D61-B79E-94C95BE4B017}.Release|Any CPU.ActiveCfg = Release|Any CPU
		{803BA86F-E80A-4D61-B79E-94C95BE4B017}.Release|Any CPU.Build.0 = Release|Any CPU
	EndGlobalSection
	GlobalSection(SolutionProperties) = preSolution
		HideSolutionNode = FALSE
	EndGlobalSection
	GlobalSection(ExtensibilityGlobals) = postSolution
		SolutionGuid = {0BCE94AD-4E17-4A53-8031-CBC77B989A93}
	EndGlobalSection
EndGlobal
